
Microsoft Visual Studio Solution File, Format Version 12.00
# Visual Studio Version 16
VisualStudioVersion = 16.0.29123.88
MinimumVisualStudioVersion = 10.0.40219.1
Project("{8BC9CEB8-8B4A-11D0-8D11-00A0C91BC942}") = "PathFinderV1Gen", "PathFinderV1Gen\PathFinderV1Gen.vcxproj", "{E71BF34A-10BC-4E81-9B45-B1AEEBB0BBBF}"
	ProjectSection(ProjectDependencies) = postProject
		{B4BAEF8D-0066-4126-B0E0-9380750E5276} = {B4BAEF8D-0066-4126-B0E0-9380750E5276}
	EndProjectSection
EndProject
Project("{8BC9CEB8-8B4A-11D0-8D11-00A0C91BC942}") = "PathGenCommon", "PathGenCommon\PathGenCommon.vcxproj", "{B4BAEF8D-0066-4126-B0E0-9380750E5276}"
EndProject
Project("{2150E333-8FDC-42A3-9474-1A3956D46DE8}") = "Generators", "Generators", "{A1EBFD9D-A389-4733-90C4-B539538A8282}"
	ProjectSection(SolutionItems) = preProject
		generators\CheesyPoofs.json = generators\CheesyPoofs.json
		generators\PathFinderV1.json = generators\PathFinderV1.json
		generators\XeroGenV1SCurve.json = generators\XeroGenV1SCurve.json
		generators\XeroGenV1Trap.json = generators\XeroGenV1Trap.json
	EndProjectSection
EndProject
Project("{8BC9CEB8-8B4A-11D0-8D11-00A0C91BC942}") = "XeroGenV1", "XeroGenV1\XeroGenV1.vcxproj", "{FEE1BA2E-2BAB-47B3-9743-0BBC9EF764ED}"
	ProjectSection(ProjectDependencies) = postProject
		{B4BAEF8D-0066-4126-B0E0-9380750E5276} = {B4BAEF8D-0066-4126-B0E0-9380750E5276}
	EndProjectSection
EndProject
Project("{2150E333-8FDC-42A3-9474-1A3956D46DE8}") = "HelpFiles", "HelpFiles", "{D2F1301F-C63A-41EE-8261-9A824982BA45}"
	ProjectSection(SolutionItems) = preProject
		html\constraints.html = html\constraints.html
		html\coordinates.html = html\coordinates.html
		html\creategroup.html = html\creategroup.html
		html\createpath.html = html\createpath.html
		html\createrobot.html = html\createrobot.html
		html\cursor.html = html\cursor.html
		html\definitions.html = html\definitions.html
		html\defrobot.html = html\defrobot.html
		html\demomode.html = html\demomode.html
		html\editmenu.html = html\editmenu.html
		html\editpath.html = html\editpath.html
		html\filemenu.html = html\filemenu.html
		html\flags.html = html\flags.html
		html\gamesmenu.html = html\gamesmenu.html
		html\generatormenu.html = html\generatormenu.html
		html\gentrajs.html = html\gentrajs.html
		html\helpmenu.html = html\helpmenu.html
		html\intro.html = html\intro.html
		html\log.html = html\log.html
		html\pathedit.html = html\pathedit.html
		html\pathfile.html = html\pathfile.html
		html\pathprops.html = html\pathprops.html
		html\plotvars.html = html\plotvars.html
		html\preference.html = html\preference.html
		html\robotsmenu.html = html\robotsmenu.html
		html\savepath.html = html\savepath.html
		html\splines.html = html\splines.html
		html\started.html = html\started.html
		html\trajectory.html = html\trajectory.html
		html\viewmenu.html = html\viewmenu.html
		html\waypoint.html = html\waypoint.html
		html\windows.html = html\windows.html
		html\xeropath.qhcp = html\xeropath.qhcp
		html\xeropath.qhp = html\xeropath.qhp
	EndProjectSection
EndProject
Project("{8BC9CEB8-8B4A-11D0-8D11-00A0C91BC942}") = "PathGenCommonUnitTest", "PathGenCommonUnitTest\PathGenCommonUnitTest.vcxproj", "{F0973C58-1FB4-4EC2-BC5A-D32E877A2315}"
	ProjectSection(ProjectDependencies) = postProject
		{B4BAEF8D-0066-4126-B0E0-9380750E5276} = {B4BAEF8D-0066-4126-B0E0-9380750E5276}
	EndProjectSection
EndProject
Project("{8BC9CEB8-8B4A-11D0-8D11-00A0C91BC942}") = "PoofsGenerator", "PoofsGenerator\PoofsGenerator.vcxproj", "{A8D1136E-62D2-4E49-9AB7-2554CE091FAC}"
	ProjectSection(ProjectDependencies) = postProject
		{B4BAEF8D-0066-4126-B0E0-9380750E5276} = {B4BAEF8D-0066-4126-B0E0-9380750E5276}
	EndProjectSection
EndProject
Project("{8BC9CEB8-8B4A-11D0-8D11-00A0C91BC942}") = "XeroPathCommon", "XeroPathCommon\XeroPathCommon.vcxproj", "{B91F4491-F988-4F6D-8197-699FB5636955}"
EndProject
Project("{8BC9CEB8-8B4A-11D0-8D11-00A0C91BC942}") = "PathGenerate", "PathGenerate\PathGenerate.vcxproj", "{938EDF7D-3060-48A2-8CF6-5461F100492F}"
	ProjectSection(ProjectDependencies) = postProject
		{B4BAEF8D-0066-4126-B0E0-9380750E5276} = {B4BAEF8D-0066-4126-B0E0-9380750E5276}
		{B91F4491-F988-4F6D-8197-699FB5636955} = {B91F4491-F988-4F6D-8197-699FB5636955}
	EndProjectSection
EndProject
Project("{8BC9CEB8-8B4A-11D0-8D11-00A0C91BC942}") = "XeroPathGen", "XeroPathGen\XeroPathGen.vcxproj", "{F4A9C517-9D0D-4314-B78F-9DD8A9C5D5E6}"
	ProjectSection(ProjectDependencies) = postProject
		{B4BAEF8D-0066-4126-B0E0-9380750E5276} = {B4BAEF8D-0066-4126-B0E0-9380750E5276}
		{B91F4491-F988-4F6D-8197-699FB5636955} = {B91F4491-F988-4F6D-8197-699FB5636955}
	EndProjectSection
EndProject
Global
	GlobalSection(SolutionConfigurationPlatforms) = preSolution
		Debug|x64 = Debug|x64
		Debug|x86 = Debug|x86
		Release|x64 = Release|x64
		Release|x86 = Release|x86
	EndGlobalSection
	GlobalSection(ProjectConfigurationPlatforms) = postSolution
		{E71BF34A-10BC-4E81-9B45-B1AEEBB0BBBF}.Debug|x64.ActiveCfg = Debug|x64
		{E71BF34A-10BC-4E81-9B45-B1AEEBB0BBBF}.Debug|x64.Build.0 = Debug|x64
		{E71BF34A-10BC-4E81-9B45-B1AEEBB0BBBF}.Debug|x86.ActiveCfg = Debug|Win32
		{E71BF34A-10BC-4E81-9B45-B1AEEBB0BBBF}.Debug|x86.Build.0 = Debug|Win32
		{E71BF34A-10BC-4E81-9B45-B1AEEBB0BBBF}.Release|x64.ActiveCfg = Release|x64
		{E71BF34A-10BC-4E81-9B45-B1AEEBB0BBBF}.Release|x64.Build.0 = Release|x64
		{E71BF34A-10BC-4E81-9B45-B1AEEBB0BBBF}.Release|x86.ActiveCfg = Release|Win32
		{E71BF34A-10BC-4E81-9B45-B1AEEBB0BBBF}.Release|x86.Build.0 = Release|Win32
		{B4BAEF8D-0066-4126-B0E0-9380750E5276}.Debug|x64.ActiveCfg = Debug|x64
		{B4BAEF8D-0066-4126-B0E0-9380750E5276}.Debug|x64.Build.0 = Debug|x64
		{B4BAEF8D-0066-4126-B0E0-9380750E5276}.Debug|x86.ActiveCfg = Debug|Win32
		{B4BAEF8D-0066-4126-B0E0-9380750E5276}.Debug|x86.Build.0 = Debug|Win32
		{B4BAEF8D-0066-4126-B0E0-9380750E5276}.Release|x64.ActiveCfg = Release|x64
		{B4BAEF8D-0066-4126-B0E0-9380750E5276}.Release|x64.Build.0 = Release|x64
		{B4BAEF8D-0066-4126-B0E0-9380750E5276}.Release|x86.ActiveCfg = Release|Win32
		{B4BAEF8D-0066-4126-B0E0-9380750E5276}.Release|x86.Build.0 = Release|Win32
		{FEE1BA2E-2BAB-47B3-9743-0BBC9EF764ED}.Debug|x64.ActiveCfg = Debug|x64
		{FEE1BA2E-2BAB-47B3-9743-0BBC9EF764ED}.Debug|x64.Build.0 = Debug|x64
		{FEE1BA2E-2BAB-47B3-9743-0BBC9EF764ED}.Debug|x86.ActiveCfg = Debug|Win32
		{FEE1BA2E-2BAB-47B3-9743-0BBC9EF764ED}.Debug|x86.Build.0 = Debug|Win32
		{FEE1BA2E-2BAB-47B3-9743-0BBC9EF764ED}.Release|x64.ActiveCfg = Release|x64
		{FEE1BA2E-2BAB-47B3-9743-0BBC9EF764ED}.Release|x64.Build.0 = Release|x64
		{FEE1BA2E-2BAB-47B3-9743-0BBC9EF764ED}.Release|x86.ActiveCfg = Release|Win32
		{FEE1BA2E-2BAB-47B3-9743-0BBC9EF764ED}.Release|x86.Build.0 = Release|Win32
		{F0973C58-1FB4-4EC2-BC5A-D32E877A2315}.Debug|x64.ActiveCfg = Debug|x64
		{F0973C58-1FB4-4EC2-BC5A-D32E877A2315}.Debug|x64.Build.0 = Debug|x64
		{F0973C58-1FB4-4EC2-BC5A-D32E877A2315}.Debug|x86.ActiveCfg = Debug|Win32
		{F0973C58-1FB4-4EC2-BC5A-D32E877A2315}.Debug|x86.Build.0 = Debug|Win32
		{F0973C58-1FB4-4EC2-BC5A-D32E877A2315}.Release|x64.ActiveCfg = Release|x64
		{F0973C58-1FB4-4EC2-BC5A-D32E877A2315}.Release|x64.Build.0 = Release|x64
		{F0973C58-1FB4-4EC2-BC5A-D32E877A2315}.Release|x86.ActiveCfg = Release|Win32
		{F0973C58-1FB4-4EC2-BC5A-D32E877A2315}.Release|x86.Build.0 = Release|Win32
		{A8D1136E-62D2-4E49-9AB7-2554CE091FAC}.Debug|x64.ActiveCfg = Debug|x64
		{A8D1136E-62D2-4E49-9AB7-2554CE091FAC}.Debug|x64.Build.0 = Debug|x64
		{A8D1136E-62D2-4E49-9AB7-2554CE091FAC}.Debug|x86.ActiveCfg = Debug|Win32
		{A8D1136E-62D2-4E49-9AB7-2554CE091FAC}.Debug|x86.Build.0 = Debug|Win32
		{A8D1136E-62D2-4E49-9AB7-2554CE091FAC}.Release|x64.ActiveCfg = Release|x64
		{A8D1136E-62D2-4E49-9AB7-2554CE091FAC}.Release|x64.Build.0 = Release|x64
		{A8D1136E-62D2-4E49-9AB7-2554CE091FAC}.Release|x86.ActiveCfg = Release|Win32
		{A8D1136E-62D2-4E49-9AB7-2554CE091FAC}.Release|x86.Build.0 = Release|Win32
		{B91F4491-F988-4F6D-8197-699FB5636955}.Debug|x64.ActiveCfg = Debug|x64
		{B91F4491-F988-4F6D-8197-699FB5636955}.Debug|x64.Build.0 = Debug|x64
		{B91F4491-F988-4F6D-8197-699FB5636955}.Debug|x86.ActiveCfg = Debug|x64
		{B91F4491-F988-4F6D-8197-699FB5636955}.Release|x64.ActiveCfg = Release|x64
		{B91F4491-F988-4F6D-8197-699FB5636955}.Release|x64.Build.0 = Release|x64
		{B91F4491-F988-4F6D-8197-699FB5636955}.Release|x86.ActiveCfg = Release|x64
		{938EDF7D-3060-48A2-8CF6-5461F100492F}.Debug|x64.ActiveCfg = Debug|x64
		{938EDF7D-3060-48A2-8CF6-5461F100492F}.Debug|x64.Build.0 = Debug|x64
		{938EDF7D-3060-48A2-8CF6-5461F100492F}.Debug|x86.ActiveCfg = Debug|x64
		{938EDF7D-3060-48A2-8CF6-5461F100492F}.Release|x64.ActiveCfg = Release|x64
		{938EDF7D-3060-48A2-8CF6-5461F100492F}.Release|x64.Build.0 = Release|x64
		{938EDF7D-3060-48A2-8CF6-5461F100492F}.Release|x86.ActiveCfg = Release|x64
		{F4A9C517-9D0D-4314-B78F-9DD8A9C5D5E6}.Debug|x64.ActiveCfg = Debug|x64
		{F4A9C517-9D0D-4314-B78F-9DD8A9C5D5E6}.Debug|x64.Build.0 = Debug|x64
		{F4A9C517-9D0D-4314-B78F-9DD8A9C5D5E6}.Debug|x86.ActiveCfg = Debug|x64
		{F4A9C517-9D0D-4314-B78F-9DD8A9C5D5E6}.Release|x64.ActiveCfg = Release|x64
		{F4A9C517-9D0D-4314-B78F-9DD8A9C5D5E6}.Release|x64.Build.0 = Release|x64
		{F4A9C517-9D0D-4314-B78F-9DD8A9C5D5E6}.Release|x86.ActiveCfg = Release|x64
	EndGlobalSection
	GlobalSection(SolutionProperties) = preSolution
		HideSolutionNode = FALSE
	EndGlobalSection
	GlobalSection(ExtensibilityGlobals) = postSolution
		SolutionGuid = {45A4B772-17A2-4B77-AF15-9353D7E09273}
	EndGlobalSection
EndGlobal
