<?xml version="1.0" encoding="utf-8"?>
<Project ToolsVersion="4.0" xmlns="http://schemas.microsoft.com/developer/msbuild/2003">
  <ItemGroup>
    <Filter Include="Source Files">
      <UniqueIdentifier>{4FC737F1-C7A5-4376-A066-2A32D752A2FF}</UniqueIdentifier>
      <Extensions>cpp;c;cc;cxx;def;odl;idl;hpj;bat;asm;asmx</Extensions>
    </Filter>
    <Filter Include="Header Files">
      <UniqueIdentifier>{93995380-89BD-4b04-88EB-625FBE52EBFB}</UniqueIdentifier>
      <Extensions>h;hh;hpp;hxx;hm;inl;inc;ipp;xsd</Extensions>
    </Filter>
    <Filter Include="Resource Files">
      <UniqueIdentifier>{67DA6AB6-F800-4c08-8B7A-83BB121AAD01}</UniqueIdentifier>
      <Extensions>rc;ico;cur;bmp;dlg;rc2;rct;bin;rgs;gif;jpg;jpeg;jpe;resx;tiff;tif;png;wav;mfcribbon-ms</Extensions>
    </Filter>
  </ItemGroup>
  <ItemGroup>
    <ClCompile Include="DevApp.cpp">
      <Filter>Source Files</Filter>
    </ClCompile>
    <ClCompile Include="QuinticHermiteSpline.cpp">
      <Filter>Source Files</Filter>
    </ClCompile>
    <ClCompile Include="Rotation2d.cpp">
      <Filter>Source Files</Filter>
    </ClCompile>
    <ClCompile Include="MathUtils.cpp">
      <Filter>Source Files</Filter>
    </ClCompile>
    <ClCompile Include="Pose2d.cpp">
      <Filter>Source Files</Filter>
    </ClCompile>
    <ClCompile Include="Translation2d.cpp">
      <Filter>Source Files</Filter>
    </ClCompile>
    <ClCompile Include="Twist2d.cpp">
      <Filter>Source Files</Filter>
    </ClCompile>
    <ClCompile Include="PathGenerator.cpp">
      <Filter>Source Files</Filter>
    </ClCompile>
    <ClCompile Include="Pose2dWithCurvature.cpp">
      <Filter>Source Files</Filter>
    </ClCompile>
    <ClCompile Include="SplineGenerator.cpp">
      <Filter>Source Files</Filter>
    </ClCompile>
    <ClCompile Include="WaypointReader.cpp">
      <Filter>Source Files</Filter>
    </ClCompile>
    <ClCompile Include="DistanceView.cpp">
      <Filter>Source Files</Filter>
    </ClCompile>
    <ClCompile Include="TimedTrajectoryPoint.cpp">
      <Filter>Source Files</Filter>
    </ClCompile>
    <ClCompile Include="TimingUtil.cpp">
      <Filter>Source Files</Filter>
    </ClCompile>
    <ClCompile Include="TimedTrajectory.cpp">
      <Filter>Source Files</Filter>
    </ClCompile>
    <ClCompile Include="ConstrainedPoint.cpp">
      <Filter>Source Files</Filter>
    </ClCompile>
    <ClCompile Include="TrajectorySamplePoint.cpp">
      <Filter>Source Files</Filter>
    </ClCompile>
    <ClCompile Include="DistanceVelocityConstraint.cpp">
      <Filter>Source Files</Filter>
    </ClCompile>
    <ClCompile Include="JSON.cpp">
      <Filter>Source Files</Filter>
    </ClCompile>
    <ClCompile Include="JSONValue.cpp">
      <Filter>Source Files</Filter>
    </ClCompile>
    <ClCompile Include="LocationVelocityConstraint.cpp">
      <Filter>Source Files</Filter>
    </ClCompile>
    <ClCompile Include="JSONPathReader.cpp">
      <Filter>Source Files</Filter>
    </ClCompile>
  </ItemGroup>
  <ItemGroup>
    <ClInclude Include="QuinticHermiteSpline.h">
      <Filter>Header Files</Filter>
    </ClInclude>
    <ClInclude Include="Rotation2d.h">
      <Filter>Header Files</Filter>
    </ClInclude>
    <ClInclude Include="MathUtils.h">
      <Filter>Header Files</Filter>
    </ClInclude>
    <ClInclude Include="Pose2d.h">
      <Filter>Header Files</Filter>
    </ClInclude>
    <ClInclude Include="Translation2d.h">
      <Filter>Header Files</Filter>
    </ClInclude>
    <ClInclude Include="Twist2d.h">
      <Filter>Header Files</Filter>
    </ClInclude>
    <ClInclude Include="PathGenerator.h">
      <Filter>Header Files</Filter>
    </ClInclude>
    <ClInclude Include="Pose2dWithCurvature.h">
      <Filter>Header Files</Filter>
    </ClInclude>
    <ClInclude Include="SplineGenerator.h">
      <Filter>Header Files</Filter>
    </ClInclude>
    <ClInclude Include="WaypointReader.h">
      <Filter>Header Files</Filter>
    </ClInclude>
    <ClInclude Include="ICsv.h">
      <Filter>Header Files</Filter>
    </ClInclude>
    <ClInclude Include="CSVWriter.h">
      <Filter>Header Files</Filter>
    </ClInclude>
    <ClInclude Include="DistanceView.h">
      <Filter>Header Files</Filter>
    </ClInclude>
    <ClInclude Include="TrajectoryPoint.h">
      <Filter>Header Files</Filter>
    </ClInclude>
    <ClInclude Include="Trajectory.h">
      <Filter>Header Files</Filter>
    </ClInclude>
    <ClInclude Include="TimedTrajectoryPoint.h">
      <Filter>Header Files</Filter>
    </ClInclude>
    <ClInclude Include="TimingUtil.h">
      <Filter>Header Files</Filter>
    </ClInclude>
    <ClInclude Include="TimedTrajectory.h">
      <Filter>Header Files</Filter>
    </ClInclude>
    <ClInclude Include="ConstrainedPoint.h">
      <Filter>Header Files</Filter>
    </ClInclude>
    <ClInclude Include="TrajectorySamplePoint.h">
      <Filter>Header Files</Filter>
    </ClInclude>
    <ClInclude Include="TimingConstraint.h">
      <Filter>Header Files</Filter>
    </ClInclude>
    <ClInclude Include="MinMaxAcceleration.h">
      <Filter>Header Files</Filter>
    </ClInclude>
    <ClInclude Include="CentripetalAccelerationConstraint.h">
      <Filter>Header Files</Filter>
    </ClInclude>
    <ClInclude Include="DistanceVelocityConstraint.h">
      <Filter>Header Files</Filter>
    </ClInclude>
    <ClInclude Include="JSON.h">
      <Filter>Header Files</Filter>
    </ClInclude>
    <ClInclude Include="JSONValue.h">
      <Filter>Header Files</Filter>
    </ClInclude>
    <ClInclude Include="LocationVelocityConstraint.h">
      <Filter>Header Files</Filter>
    </ClInclude>
    <ClInclude Include="PathGroup.h">
      <Filter>Header Files</Filter>
    </ClInclude>
    <ClInclude Include="RobotPath.h">
      <Filter>Header Files</Filter>
    </ClInclude>
    <ClInclude Include="PathCollection.h">
      <Filter>Header Files</Filter>
    </ClInclude>
    <ClInclude Include="JSONPathReader.h">
      <Filter>Header Files</Filter>
    </ClInclude>
  </ItemGroup>
  <ItemGroup>
    <None Include="pathfile.json" />
  </ItemGroup>
</Project>